
Microsoft Visual Studio Solution File, Format Version 12.00
# Visual Studio Version 17
VisualStudioVersion = 17.5.33502.453
MinimumVisualStudioVersion = 10.0.40219.1
Project("{FAE04EC0-301F-11D3-BF4B-00C04F79EFBC}") = "api-project", "api-project\api-project.csproj", "{D08BE9AB-9BDD-482E-95BB-3CC3CD0B814C}"
EndProject
Global
	GlobalSection(SolutionConfigurationPlatforms) = preSolution
		Debug|Any CPU = Debug|Any CPU
		Release|Any CPU = Release|Any CPU
	EndGlobalSection
	GlobalSection(ProjectConfigurationPlatforms) = postSolution
		{D08BE9AB-9BDD-482E-95BB-3CC3CD0B814C}.Debug|Any CPU.ActiveCfg = Debug|Any CPU
		{D08BE9AB-9BDD-482E-95BB-3CC3CD0B814C}.Debug|Any CPU.Build.0 = Debug|Any CPU
		{D08BE9AB-9BDD-482E-95BB-3CC3CD0B814C}.Release|Any CPU.ActiveCfg = Release|Any CPU
		{D08BE9AB-9BDD-482E-95BB-3CC3CD0B814C}.Release|Any CPU.Build.0 = Release|Any CPU
	EndGlobalSection
	GlobalSection(SolutionProperties) = preSolution
		HideSolutionNode = FALSE
	EndGlobalSection
	GlobalSection(ExtensibilityGlobals) = postSolution
		SolutionGuid = {41D0084D-A1F3-4C8D-8541-6A9CA0655CC5}
	EndGlobalSection
EndGlobal
